
Microsoft Visual Studio Solution File, Format Version 12.00
Project("{FAE04EC0-301F-11D3-BF4B-00C04F79EFBC}") = "BatchExtract", "BatchExtract\BatchExtract.csproj", "{BB9E20DA-49D5-4980-9DA2-2CE58EF34A5D}"
EndProject
Project("{FAE04EC0-301F-11D3-BF4B-00C04F79EFBC}") = "BatchCompress", "BatchCompress\BatchCompress.csproj", "{E71B1B9C-1C5D-48FA-85D3-4552AE60407C}"
EndProject
Project("{FAE04EC0-301F-11D3-BF4B-00C04F79EFBC}") = "BatchFFmpeg", "BatchFFmpeg\BatchFFmpeg.csproj", "{E4D688BE-240A-4C7A-B197-1BC11D18950B}"
EndProject
Project("{FAE04EC0-301F-11D3-BF4B-00C04F79EFBC}") = "FFmpegBatchTools.Shared", "FFmpegBatchTools.Shared\FFmpegBatchTools.Shared.csproj", "{1FE0225B-098E-4306-A50F-BBB5E6BC8431}"
EndProject
Project("{FAE04EC0-301F-11D3-BF4B-00C04F79EFBC}") = "BatchMerge", "BatchMerge\BatchMerge.csproj", "{B23DEF5A-BE72-4EC9-80C1-E001709614BF}"
EndProject
Project("{FAE04EC0-301F-11D3-BF4B-00C04F79EFBC}") = "FFmpegBatchTools.Core", "FFmpegBatchTools.Core\FFmpegBatchTools.Core.csproj", "{7162BAAF-15DA-4DF4-A8B9-364421C2105D}"
EndProject
Global
	GlobalSection(SolutionConfigurationPlatforms) = preSolution
		Debug|Any CPU = Debug|Any CPU
		Release|Any CPU = Release|Any CPU
	EndGlobalSection
	GlobalSection(ProjectConfigurationPlatforms) = postSolution
		{BB9E20DA-49D5-4980-9DA2-2CE58EF34A5D}.Debug|Any CPU.ActiveCfg = Debug|Any CPU
		{BB9E20DA-49D5-4980-9DA2-2CE58EF34A5D}.Debug|Any CPU.Build.0 = Debug|Any CPU
		{BB9E20DA-49D5-4980-9DA2-2CE58EF34A5D}.Release|Any CPU.ActiveCfg = Release|Any CPU
		{BB9E20DA-49D5-4980-9DA2-2CE58EF34A5D}.Release|Any CPU.Build.0 = Release|Any CPU
		{E71B1B9C-1C5D-48FA-85D3-4552AE60407C}.Debug|Any CPU.ActiveCfg = Debug|Any CPU
		{E71B1B9C-1C5D-48FA-85D3-4552AE60407C}.Debug|Any CPU.Build.0 = Debug|Any CPU
		{E71B1B9C-1C5D-48FA-85D3-4552AE60407C}.Release|Any CPU.ActiveCfg = Release|Any CPU
		{E71B1B9C-1C5D-48FA-85D3-4552AE60407C}.Release|Any CPU.Build.0 = Release|Any CPU
		{E4D688BE-240A-4C7A-B197-1BC11D18950B}.Debug|Any CPU.ActiveCfg = Debug|Any CPU
		{E4D688BE-240A-4C7A-B197-1BC11D18950B}.Debug|Any CPU.Build.0 = Debug|Any CPU
		{E4D688BE-240A-4C7A-B197-1BC11D18950B}.Release|Any CPU.ActiveCfg = Release|Any CPU
		{E4D688BE-240A-4C7A-B197-1BC11D18950B}.Release|Any CPU.Build.0 = Release|Any CPU
		{1FE0225B-098E-4306-A50F-BBB5E6BC8431}.Debug|Any CPU.ActiveCfg = Debug|Any CPU
		{1FE0225B-098E-4306-A50F-BBB5E6BC8431}.Debug|Any CPU.Build.0 = Debug|Any CPU
		{1FE0225B-098E-4306-A50F-BBB5E6BC8431}.Release|Any CPU.ActiveCfg = Release|Any CPU
		{1FE0225B-098E-4306-A50F-BBB5E6BC8431}.Release|Any CPU.Build.0 = Release|Any CPU
		{B23DEF5A-BE72-4EC9-80C1-E001709614BF}.Debug|Any CPU.ActiveCfg = Debug|Any CPU
		{B23DEF5A-BE72-4EC9-80C1-E001709614BF}.Debug|Any CPU.Build.0 = Debug|Any CPU
		{B23DEF5A-BE72-4EC9-80C1-E001709614BF}.Release|Any CPU.ActiveCfg = Release|Any CPU
		{B23DEF5A-BE72-4EC9-80C1-E001709614BF}.Release|Any CPU.Build.0 = Release|Any CPU
		{7162BAAF-15DA-4DF4-A8B9-364421C2105D}.Debug|Any CPU.ActiveCfg = Debug|Any CPU
		{7162BAAF-15DA-4DF4-A8B9-364421C2105D}.Debug|Any CPU.Build.0 = Debug|Any CPU
		{7162BAAF-15DA-4DF4-A8B9-364421C2105D}.Release|Any CPU.ActiveCfg = Release|Any CPU
		{7162BAAF-15DA-4DF4-A8B9-364421C2105D}.Release|Any CPU.Build.0 = Release|Any CPU
	EndGlobalSection
EndGlobal
